
Microsoft Visual Studio Solution File, Format Version 12.00
# Visual Studio 14
VisualStudioVersion = 14.0.23107.0
MinimumVisualStudioVersion = 10.0.40219.1
Project("{8BC9CEB8-8B4A-11D0-8D11-00A0C91BC942}") = "СтекНаСписке", "СтекНаСписке\СтекНаСписке.vcxproj", "{E94293F3-2477-4B34-B9A9-89E3252D110F}"
EndProject
Global
	GlobalSection(SolutionConfigurationPlatforms) = preSolution
		Debug|x86 = Debug|x86
		Release|x86 = Release|x86
	EndGlobalSection
	GlobalSection(ProjectConfigurationPlatforms) = postSolution
		{E94293F3-2477-4B34-B9A9-89E3252D110F}.Debug|x86.ActiveCfg = Debug|Win32
		{E94293F3-2477-4B34-B9A9-89E3252D110F}.Debug|x86.Build.0 = Debug|Win32
		{E94293F3-2477-4B34-B9A9-89E3252D110F}.Release|x86.ActiveCfg = Release|Win32
		{E94293F3-2477-4B34-B9A9-89E3252D110F}.Release|x86.Build.0 = Release|Win32
	EndGlobalSection
	GlobalSection(SolutionProperties) = preSolution
		HideSolutionNode = FALSE
	EndGlobalSection
EndGlobal
