P½[L1r¹Ôt£e‹É‡Të	ÂŠnHz“…X>aÐòWÌ“'"õºÍÚÛy$&‡#|^Ä„3fI)ö]1;³Å’Ì­îã?éÓœç·:½aNãUË¢|eÌâ@Î=Ë`¯O‡üíˆO6±Ø¾VJyw›—kÍ‰seDõy˜Æ:CTº][¼Ñt‹lm+ÇCáKñ&á†ª/pÜ©»ÜëKÙojžœº§*Éc(¦izpým^vãž—Î”áÜ]¼ŒµolŒÃÝ"KÞj=¥®äÙMå¬í‹@½ét¼IÄyÌ¯O¸g¹Ùw“²²Ôj[Z|Ã³i;i:ºò ,÷E¯ëq®bØööL6:…\c‹;bÍ±k×W·•d¥ñ÷ˆ“ê˜Êô[^3}=Œ²÷\Åo··W0pœauÁÕóiîNbsã>[3è¥¡Íg1ÿÇýñís„ëáòÈžt)ìMM…t)êÆt;avk\bVísšåKÔ¹*ë§63å\¶!TÞA¢¡¤{“ÙbÄ¼G&Ëœ7ûÄõiŒ´¾:c·Z…247–F¹bÚ²È%Æý4tà¯º}Ú.Ì©íÆ,\\ò¸ÄHjáÛymJÌÇ¸)s{`ÁXÊv;Ó!O‡éã÷·–#Bº»¡é\]^š•Ž!»‰Û¾H0ÈzÏ¡~ð™|ÊÍmLÊÛÙ‡“÷y,ì7gm¶C½·¥‡g×‰+—Ý¹'”Å6††ÁÖ8(ºÜ¸ÎdÌe;zyû´Áç!à.SË`ÚDÚ™'™Ý\±Ã?“÷
[Q*i¦ÖÎÍÞ¼ãQ$Â>cQNîÖ^}…¬ë¥vé‘äc7Œìn¢C—:Í'ÔvIÎ×zÛy&k,Q]¨Ž²Ò·±3KŸy_W½KjÊáÏš`Cä½•Ä¬ú“
:õ¤	6–îa§)éªƒ™;:mŸn@qV2Ü×lâA¤dùsG†ikRÌDvíÈèy.Þ–•&¦4ë’ò@ÝÝÑÌ®ØÂö6i'l®‘©ÃFYçw£cm	›çLáŒÍ¸ßÆKsœá¥»9Š%E¯U¾:‡øôÿÿµÇÝýÔ-æ¨[ÿâóŸk×ÿÿì[¯c6ãÜ}ÎI½›‡Ó/×ŒyÄxU«…Õlãî®nŸKûZÄkhZ÷ÿþ¶w½mÛ5©¾½Ž9®»k•üu¾Çÿô½9óÿñüwþÆÙ_[¤½#¹Îa7:½½}Žžÿ·þ4ÐMºŽÒZ[Hñ'Í²ÖE‰xÓ[†ji›^bÕ¬c	¢Â…6KZuÊ¼AwÿÿÿýLqX27CÖÐ¨Õ¬o%I