
Microsoft Visual Studio Solution File, Format Version 12.00
# Visual Studio 14
VisualStudioVersion = 14.0.25420.1
MinimumVisualStudioVersion = 10.0.40219.1
Project("{FAE04EC0-301F-11D3-BF4B-00C04F79EFBC}") = "TextAnalyzer", "TextAnalyzer\TextAnalyzer.csproj", "{C332A505-BA65-49F9-B8E5-EF17245A5435}"
EndProject
Global
	GlobalSection(SolutionConfigurationPlatforms) = preSolution
		Debug|Any CPU = Debug|Any CPU
		Release|Any CPU = Release|Any CPU
	EndGlobalSection
	GlobalSection(ProjectConfigurationPlatforms) = postSolution
		{C332A505-BA65-49F9-B8E5-EF17245A5435}.Debug|Any CPU.ActiveCfg = Debug|Any CPU
		{C332A505-BA65-49F9-B8E5-EF17245A5435}.Debug|Any CPU.Build.0 = Debug|Any CPU
		{C332A505-BA65-49F9-B8E5-EF17245A5435}.Release|Any CPU.ActiveCfg = Release|Any CPU
		{C332A505-BA65-49F9-B8E5-EF17245A5435}.Release|Any CPU.Build.0 = Release|Any CPU
	EndGlobalSection
	GlobalSection(SolutionProperties) = preSolution
		HideSolutionNode = FALSE
	EndGlobalSection
EndGlobal
